
Microsoft Visual Studio Solution File, Format Version 12.00
# Visual Studio Version 17
VisualStudioVersion = 17.13.35913.81 d17.13
MinimumVisualStudioVersion = 10.0.40219.1
Project("{FAE04EC0-301F-11D3-BF4B-00C04F79EFBC}") = "ResearchProjectManagerment_SE180159", "ResearchProjectManagerment_SE180159\ResearchProjectManagerment_SE180159.csproj", "{01530C2C-6A0A-4735-B345-76DCD8C85590}"
EndProject
Project("{FAE04EC0-301F-11D3-BF4B-00C04F79EFBC}") = "BLL", "BLL\BLL.csproj", "{E5AD4B2E-A094-43F4-BC01-67870C9D0B14}"
EndProject
Project("{FAE04EC0-301F-11D3-BF4B-00C04F79EFBC}") = "DAL", "DAL\DAL.csproj", "{50CAA939-2A6B-4DE4-95F3-292350A65ED6}"
EndProject
Global
	GlobalSection(SolutionConfigurationPlatforms) = preSolution
		Debug|Any CPU = Debug|Any CPU
		Release|Any CPU = Release|Any CPU
	EndGlobalSection
	GlobalSection(ProjectConfigurationPlatforms) = postSolution
		{01530C2C-6A0A-4735-B345-76DCD8C85590}.Debug|Any CPU.ActiveCfg = Debug|Any CPU
		{01530C2C-6A0A-4735-B345-76DCD8C85590}.Debug|Any CPU.Build.0 = Debug|Any CPU
		{01530C2C-6A0A-4735-B345-76DCD8C85590}.Release|Any CPU.ActiveCfg = Release|Any CPU
		{01530C2C-6A0A-4735-B345-76DCD8C85590}.Release|Any CPU.Build.0 = Release|Any CPU
		{E5AD4B2E-A094-43F4-BC01-67870C9D0B14}.Debug|Any CPU.ActiveCfg = Debug|Any CPU
		{E5AD4B2E-A094-43F4-BC01-67870C9D0B14}.Debug|Any CPU.Build.0 = Debug|Any CPU
		{E5AD4B2E-A094-43F4-BC01-67870C9D0B14}.Release|Any CPU.ActiveCfg = Release|Any CPU
		{E5AD4B2E-A094-43F4-BC01-67870C9D0B14}.Release|Any CPU.Build.0 = Release|Any CPU
		{50CAA939-2A6B-4DE4-95F3-292350A65ED6}.Debug|Any CPU.ActiveCfg = Debug|Any CPU
		{50CAA939-2A6B-4DE4-95F3-292350A65ED6}.Debug|Any CPU.Build.0 = Debug|Any CPU
		{50CAA939-2A6B-4DE4-95F3-292350A65ED6}.Release|Any CPU.ActiveCfg = Release|Any CPU
		{50CAA939-2A6B-4DE4-95F3-292350A65ED6}.Release|Any CPU.Build.0 = Release|Any CPU
	EndGlobalSection
	GlobalSection(SolutionProperties) = preSolution
		HideSolutionNode = FALSE
	EndGlobalSection
	GlobalSection(ExtensibilityGlobals) = postSolution
		SolutionGuid = {434A79A7-664B-4B99-8974-239873DDC097}
	EndGlobalSection
EndGlobal
